# This file is automatically @generated by Cargo.
# It is not intended for manual editing.
version = 3

[[package]]
name = "agentrr-cli"
version = "0.1.0"

[[package]]
name = "agentrr-core"
version = "0.1.0"

[[package]]
name = "agentrr-match"
version = "0.1.0"

[[package]]
name = "agentrr-proxy"
version = "0.1.0"

[[package]]
name = "agentrr-sdk"
version = "0.1.0"

[[package]]
name = "agentrr-store"
version = "0.1.0"
